
Microsoft Visual Studio Solution File, Format Version 12.00
# Visual Studio Version 17
VisualStudioVersion = 17.1.32414.318
MinimumVisualStudioVersion = 10.0.40219.1
Project("{FAE04EC0-301F-11D3-BF4B-00C04F79EFBC}") = "NOT-Ezz-WebHook", "NOT-Ezz-WebHook\NOT-Ezz-WebHook.csproj", "{263784E0-DD08-449A-9346-F486FA1B67D0}"
EndProject
Global
	GlobalSection(SolutionConfigurationPlatforms) = preSolution
		Debug|Any CPU = Debug|Any CPU
		Release|Any CPU = Release|Any CPU
	EndGlobalSection
	GlobalSection(ProjectConfigurationPlatforms) = postSolution
		{263784E0-DD08-449A-9346-F486FA1B67D0}.Debug|Any CPU.ActiveCfg = Debug|Any CPU
		{263784E0-DD08-449A-9346-F486FA1B67D0}.Debug|Any CPU.Build.0 = Debug|Any CPU
		{263784E0-DD08-449A-9346-F486FA1B67D0}.Release|Any CPU.ActiveCfg = Release|Any CPU
		{263784E0-DD08-449A-9346-F486FA1B67D0}.Release|Any CPU.Build.0 = Release|Any CPU
	EndGlobalSection
	GlobalSection(SolutionProperties) = preSolution
		HideSolutionNode = FALSE
	EndGlobalSection
	GlobalSection(ExtensibilityGlobals) = postSolution
		SolutionGuid = {A839FABE-CE87-4974-AFE1-9FF70D5BB363}
	EndGlobalSection
EndGlobal
